// !$*UTF8*$!
{
	archiveVersion = 1;
	classes = {
	};
	objectVersion = 46;
	objects = {

/* Begin PBXBuildFile section */
		B2EF9B591A35BCDC009D68C0 /* main.m in Sources */ = {isa = PBXBuildFile; fileRef = B2EF9B581A35BCDC009D68C0 /* main.m */; };
		B2EF9B5C1A35BCDC009D68C0 /* AppDelegate.m in Sources */ = {isa = PBXBuildFile; fileRef = B2EF9B5B1A35BCDC009D68C0 /* AppDelegate.m */; };
		B2EF9B5F1A35BCDC009D68C0 /* MasterViewController.m in Sources */ = {isa = PBXBuildFile; fileRef = B2EF9B5E1A35BCDC009D68C0 /* MasterViewController.m */; };
		B2EF9B621A35BCDC009D68C0 /* DetailViewController.m in Sources */ = {isa = PBXBuildFile; fileRef = B2EF9B611A35BCDC009D68C0 /* DetailViewController.m */; };
		B2EF9B651A35BCDC009D68C0 /* Main.storyboard in Resources */ = {isa = PBXBuildFile; fileRef = B2EF9B631A35BCDC009D68C0 /* Main.storyboard */; };
		B2EF9B671A35BCDC009D68C0 /* Images.xcassets in Resources */ = {isa = PBXBuildFile; fileRef = B2EF9B661A35BCDC009D68C0 /* Images.xcassets */; };
		B2EF9B6A1A35BCDC009D68C0 /* LaunchScreen.xib in Resources */ = {isa = PBXBuildFile; fileRef = B2EF9B681A35BCDC009D68C0 /* LaunchScreen.xib */; };
		B2EF9B761A35BCDC009D68C0 /* HW_TableTests.m in Sources */ = {isa = PBXBuildFile; fileRef = B2EF9B751A35BCDC009D68C0 /* HW_TableTests.m */; };
/* End PBXBuildFile section */

/* Begin PBXContainerItemProxy section */
		B2EF9B701A35BCDC009D68C0 /* PBXContainerItemProxy */ = {
			isa = PBXContainerItemProxy;
			containerPortal = B2EF9B4B1A35BCDC009D68C0 /* Project object */;
			proxyType = 1;
			remoteGlobalIDString = B2EF9B521A35BCDC009D68C0;
			remoteInfo = HW_Table;
		};
/* End PBXContainerItemProxy section */

/* Begin PBXFileReference section */
		B2EF9B531A35BCDC009D68C0 /* HW_Table.app */ = {isa = PBXFileReference; explicitFileType = wrapper.application; includeInIndex = 0; path = HW_Table.app; sourceTree = BUILT_PRODUCTS_DIR; };
		B2EF9B571A35BCDC009D68C0 /* Info.plist */ = {isa = PBXFileReference; lastKnownFileType = text.plist.xml; path = Info.plist; sourceTree = "<group>"; };
		B2EF9B581A35BCDC009D68C0 /* main.m */ = {isa = PBXFileReference; lastKnownFileType = sourcecode.c.objc; path = main.m; sourceTree = "<group>"; };
		B2EF9B5A1A35BCDC009D68C0 /* AppDelegate.h */ = {isa = PBXFileReference; lastKnownFileType = sourcecode.c.h; path = AppDelegate.h; sourceTree = "<group>"; };
		B2EF9B5B1A35BCDC009D68C0 /* AppDelegate.m */ = {isa = PBXFileReference; lastKnownFileType = sourcecode.c.objc; path = AppDelegate.m; sourceTree = "<group>"; };
		B2EF9B5D1A35BCDC009D68C0 /* MasterViewController.h */ = {isa = PBXFileReference; lastKnownFileType = sourcecode.c.h; path = MasterViewController.h; sourceTree = "<group>"; };
		B2EF9B5E1A35BCDC009D68C0 /* MasterViewController.m */ = {isa = PBXFileReference; lastKnownFileType = sourcecode.c.objc; path = MasterViewController.m; sourceTree = "<group>"; };
		B2EF9B601A35BCDC009D68C0 /* DetailViewController.h */ = {isa = PBXFileReference; lastKnownFileType = sourcecode.c.h; path = DetailViewController.h; sourceTree = "<group>"; };
		B2EF9B611A35BCDC009D68C0 /* DetailViewController.m */ = {isa = PBXFileReference; lastKnownFileType = sourcecode.c.objc; path = DetailViewController.m; sourceTree = "<group>"; };
		B2EF9B641A35BCDC009D68C0 /* Base */ = {isa = PBXFileReference; lastKnownFileType = file.storyboard; name = Base; path = Base.lproj/Main.storyboard; sourceTree = "<group>"; };
		B2EF9B661A35BCDC009D68C0 /* Images.xcassets */ = {isa = PBXFileReference; lastKnownFileType = folder.assetcatalog; path = Images.xcassets; sourceTree = "<group>"; };
		B2EF9B691A35BCDC009D68C0 /* Base */ = {isa = PBXFileReference; lastKnownFileType = file.xib; name = Base; path = Base.lproj/LaunchScreen.xib; sourceTree = "<group>"; };
		B2EF9B6F1A35BCDC009D68C0 /* HW_TableTests.xctest */ = {isa = PBXFileReference; explicitFileType = wrapper.cfbundle; includeInIndex = 0; path = HW_TableTests.xctest; sourceTree = BUILT_PRODUCTS_DIR; };
		B2EF9B741A35BCDC009D68C0 /* Info.plist */ = {isa = PBXFileReference; lastKnownFileType = text.plist.xml; path = Info.plist; sourceTree = "<group>"; };
		B2EF9B751A35BCDC009D68C0 /* HW_TableTests.m */ = {isa = PBXFileReference; lastKnownFileType = sourcecode.c.objc; path = HW_TableTests.m; sourceTree = "<group>"; };
/* End PBXFileReference section */

/* Begin PBXFrameworksBuildPhase section */
		B2EF9B501A35BCDC009D68C0 /* Frameworks */ = {
			isa = PBXFrameworksBuildPhase;
			buildActionMask = 2147483647;
			files = (
			);
			runOnlyForDeploymentPostprocessing = 0;
		};
		B2EF9B6C1A35BCDC009D68C0 /* Frameworks */ = {
			isa = PBXFrameworksBuildPhase;
			buildActionMask = 2147483647;
			files = (
			);
			runOnlyForDeploymentPostprocessing = 0;
		};
/* End PBXFrameworksBuildPhase section */

/* Begin PBXGroup section */
		B2EF9B4A1A35BCDC009D68C0 = {
			isa = PBXGroup;
			children = (
				B2EF9B551A35BCDC009D68C0 /* HW_Table */,
				B2EF9B721A35BCDC009D68C0 /* HW_TableTests */,
				B2EF9B541A35BCDC009D68C0 /* Products */,
			);
			sourceTree = "<group>";
		};
		B2EF9B541A35BCDC009D68C0 /* Products */ = {
			isa = PBXGroup;
			children = (
				B2EF9B531A35BCDC009D68C0 /* HW_Table.app */,
				B2EF9B6F1A35BCDC009D68C0 /* HW_TableTests.xctest */,
			);
			name = Products;
			sourceTree = "<group>";
		};
		B2EF9B551A35BCDC009D68C0 /* HW_Table */ = {
			isa = PBXGroup;
			children = (
				B2EF9B5A1A35BCDC009D68C0 /* AppDelegate.h */,
				B2EF9B5B1A35BCDC009D68C0 /* AppDelegate.m */,
				B2EF9B5D1A35BCDC009D68C0 /* MasterViewController.h */,
				B2EF9B5E1A35BCDC009D68C0 /* MasterViewController.m */,
				B2EF9B601A35BCDC009D68C0 /* DetailViewController.h */,
				B2EF9B611A35BCDC009D68C0 /* DetailViewController.m */,
				B2EF9B631A35BCDC009D68C0 /* Main.storyboard */,
				B2EF9B661A35BCDC009D68C0 /* Images.xcassets */,
				B2EF9B681A35BCDC009D68C0 /* LaunchScreen.xib */,
				B2EF9B561A35BCDC009D68C0 /* Supporting Files */,
			);
			path = HW_Table;
			sourceTree = "<group>";
		};
		B2EF9B561A35BCDC009D68C0 /* Supporting Files */ = {
			isa = PBXGroup;
			children = (
				B2EF9B571A35BCDC009D68C0 /* Info.plist */,
				B2EF9B581A35BCDC009D68C0 /* main.m */,
			);
			name = "Supporting Files";
			sourceTree = "<group>";
		};
		B2EF9B721A35BCDC009D68C0 /* HW_TableTests */ = {
			isa = PBXGroup;
			children = (
				B2EF9B751A35BCDC009D68C0 /* HW_TableTests.m */,
				B2EF9B731A35BCDC009D68C0 /* Supporting Files */,
			);
			path = HW_TableTests;
			sourceTree = "<group>";
		};
		B2EF9B731A35BCDC009D68C0 /* Supporting Files */ = {
			isa = PBXGroup;
			children = (
				B2EF9B741A35BCDC009D68C0 /* Info.plist */,
			);
			name = "Supporting Files";
			sourceTree = "<group>";
		};
/* End PBXGroup section */

/* Begin PBXNativeTarget section */
		B2EF9B521A35BCDC009D68C0 /* HW_Table */ = {
			isa = PBXNativeTarget;
			buildConfigurationList = B2EF9B791A35BCDC009D68C0 /* Build configuration list for PBXNativeTarget "HW_Table" */;
			buildPhases = (
				B2EF9B4F1A35BCDC009D68C0 /* Sources */,
				B2EF9B501A35BCDC009D68C0 /* Frameworks */,
				B2EF9B511A35BCDC009D68C0 /* Resources */,
			);
			buildRules = (
			);
			dependencies = (
			);
			name = HW_Table;
			productName = HW_Table;
			productReference = B2EF9B531A35BCDC009D68C0 /* HW_Table.app */;
			productType = "com.apple.product-type.application";
		};
		B2EF9B6E1A35BCDC009D68C0 /* HW_TableTests */ = {
			isa = PBXNativeTarget;
			buildConfigurationList = B2EF9B7C1A35BCDC009D68C0 /* Build configuration list for PBXNativeTarget "HW_TableTests" */;
			buildPhases = (
				B2EF9B6B1A35BCDC009D68C0 /* Sources */,
				B2EF9B6C1A35BCDC009D68C0 /* Frameworks */,
				B2EF9B6D1A35BCDC009D68C0 /* Resources */,
			);
			buildRules = (
			);
			dependencies = (
				B2EF9B711A35BCDC009D68C0 /* PBXTargetDependency */,
			);
			name = HW_TableTests;
			productName = HW_TableTests;
			productReference = B2EF9B6F1A35BCDC009D68C0 /* HW_TableTests.xctest */;
			productType = "com.apple.product-type.bundle.unit-test";
		};
/* End PBXNativeTarget section */

/* Begin PBXProject section */
		B2EF9B4B1A35BCDC009D68C0 /* Project object */ = {
			isa = PBXProject;
			attributes = {
				LastUpgradeCheck = 0610;
				ORGANIZATIONNAME = fix;
				TargetAttributes = {
					B2EF9B521A35BCDC009D68C0 = {
						CreatedOnToolsVersion = 6.1;
					};
					B2EF9B6E1A35BCDC009D68C0 = {
						CreatedOnToolsVersion = 6.1;
						TestTargetID = B2EF9B521A35BCDC009D68C0;
					};
				};
			};
			buildConfigurationList = B2EF9B4E1A35BCDC009D68C0 /* Build configuration list for PBXProject "HW_Table" */;
			compatibilityVersion = "Xcode 3.2";
			developmentRegion = English;
			hasScannedForEncodings = 0;
			knownRegions = (
				en,
				Base,
			);
			mainGroup = B2EF9B4A1A35BCDC009D68C0;
			productRefGroup = B2EF9B541A35BCDC009D68C0 /* Products */;
			projectDirPath = "";
			projectRoot = "";
			targets = (
				B2EF9B521A35BCDC009D68C0 /* HW_Table */,
				B2EF9B6E1A35BCDC009D68C0 /* HW_TableTests */,
			);
		};
/* End PBXProject section */

/* Begin PBXResourcesBuildPhase section */
		B2EF9B511A35BCDC009D68C0 /* Resources */ = {
			isa = PBXResourcesBuildPhase;
			buildActionMask = 2147483647;
			files = (
				B2EF9B651A35BCDC009D68C0 /* Main.storyboard in Resources */,
				B2EF9B6A1A35BCDC009D68C0 /* LaunchScreen.xib in Resources */,
				B2EF9B671A35BCDC009D68C0 /* Images.xcassets in Resources */,
			);
			runOnlyForDeploymentPostprocessing = 0;
		};
		B2EF9B6D1A35BCDC009D68C0 /* Resources */ = {
			isa = PBXResourcesBuildPhase;
			buildActionMask = 2147483647;
			files = (
			);
			runOnlyForDeploymentPostprocessing = 0;
		};
/* End PBXResourcesBuildPhase section */

/* Begin PBXSourcesBuildPhase section */
		B2EF9B4F1A35BCDC009D68C0 /* Sources */ = {
			isa = PBXSourcesBuildPhase;
			buildActionMask = 2147483647;
			files = (
				B2EF9B5C1A35BCDC009D68C0 /* AppDelegate.m in Sources */,
				B2EF9B5F1A35BCDC009D68C0 /* MasterViewController.m in Sources */,
				B2EF9B591A35BCDC009D68C0 /* main.m in Sources */,
				B2EF9B621A35BCDC009D68C0 /* DetailViewController.m in Sources */,
			);
			runOnlyForDeploymentPostprocessing = 0;
		};
		B2EF9B6B1A35BCDC009D68C0 /* Sources */ = {
			isa = PBXSourcesBuildPhase;
			buildActionMask = 2147483647;
			files = (
				B2EF9B761A35BCDC009D68C0 /* HW_TableTests.m in Sources */,
			);
			runOnlyForDeploymentPostprocessing = 0;
		};
/* End PBXSourcesBuildPhase section */

/* Begin PBXTargetDependency section */
		B2EF9B711A35BCDC009D68C0 /* PBXTargetDependency */ = {
			isa = PBXTargetDependency;
			target = B2EF9B521A35BCDC009D68C0 /* HW_Table */;
			targetProxy = B2EF9B701A35BCDC009D68C0 /* PBXContainerItemProxy */;
		};
/* End PBXTargetDependency section */

/* Begin PBXVariantGroup section */
		B2EF9B631A35BCDC009D68C0 /* Main.storyboard */ = {
			isa = PBXVariantGroup;
			children = (
				B2EF9B641A35BCDC009D68C0 /* Base */,
			);
			name = Main.storyboard;
			sourceTree = "<group>";
		};
		B2EF9B681A35BCDC009D68C0 /* LaunchScreen.xib */ = {
			isa = PBXVariantGroup;
			children = (
				B2EF9B691A35BCDC009D68C0 /* Base */,
			);
			name = LaunchScreen.xib;
			sourceTree = "<group>";
		};
/* End PBXVariantGroup section */

/* Begin XCBuildConfiguration section */
		B2EF9B771A35BCDC009D68C0 /* Debug */ = {
			isa = XCBuildConfiguration;
			buildSettings = {
				ALWAYS_SEARCH_USER_PATHS = NO;
				CLANG_CXX_LANGUAGE_STANDARD = "gnu++0x";
				CLANG_CXX_LIBRARY = "libc++";
				CLANG_ENABLE_MODULES = YES;
				CLANG_ENABLE_OBJC_ARC = YES;
				CLANG_WARN_BOOL_CONVERSION = YES;
				CLANG_WARN_CONSTANT_CONVERSION = YES;
				CLANG_WARN_DIRECT_OBJC_ISA_USAGE = YES_ERROR;
				CLANG_WARN_EMPTY_BODY = YES;
				CLANG_WARN_ENUM_CONVERSION = YES;
				CLANG_WARN_INT_CONVERSION = YES;
				CLANG_WARN_OBJC_ROOT_CLASS = YES_ERROR;
				CLANG_WARN_UNREACHABLE_CODE = YES;
				CLANG_WARN__DUPLICATE_METHOD_MATCH = YES;
				"CODE_SIGN_IDENTITY[sdk=iphoneos*]" = "iPhone Developer";
				COPY_PHASE_STRIP = NO;
				ENABLE_STRICT_OBJC_MSGSEND = YES;
				GCC_C_LANGUAGE_STANDARD = gnu99;
				GCC_DYNAMIC_NO_PIC = NO;
				GCC_OPTIMIZATION_LEVEL = 0;
				GCC_PREPROCESSOR_DEFINITIONS = (
					"DEBUG=1",
					"$(inherited)",
				);
				GCC_SYMBOLS_PRIVATE_EXTERN = NO;
				GCC_WARN_64_TO_32_BIT_CONVERSION = YES;
				GCC_WARN_ABOUT_RETURN_TYPE = YES_ERROR;
				GCC_WARN_UNDECLARED_SELECTOR = YES;
				GCC_WARN_UNINITIALIZED_AUTOS = YES_AGGRESSIVE;
				GCC_WARN_UNUSED_FUNCTION = YES;
				GCC_WARN_UNUSED_VARIABLE = YES;
				IPHONEOS_DEPLOYMENT_TARGET = 8.1;
				MTL_ENABLE_DEBUG_INFO = YES;
				ONLY_ACTIVE_ARCH = YES;
				SDKROOT = iphoneos;
			};
			name = Debug;
		};
		B2EF9B781A35BCDC009D68C0 /* Release */ = {
			isa = XCBuildConfiguration;
			buildSettings = {
				ALWAYS_SEARCH_USER_PATHS = NO;
				CLANG_CXX_LANGUAGE_STANDARD = "gnu++0x";
				CLANG_CXX_LIBRARY = "libc++";
				CLANG_ENABLE_MODULES = YES;
				CLANG_ENABLE_OBJC_ARC = YES;
				CLANG_WARN_BOOL_CONVERSION = YES;
				CLANG_WARN_CONSTANT_CONVERSION = YES;
				CLANG_WARN_DIRECT_OBJC_ISA_USAGE = YES_ERROR;
				CLANG_WARN_EMPTY_BODY = YES;
				CLANG_WARN_ENUM_CONVERSION = YES;
				CLANG_WARN_INT_CONVERSION = YES;
				CLANG_WARN_OBJC_ROOT_CLASS = YES_ERROR;
				CLANG_WARN_UNREACHABLE_CODE = YES;
				CLANG_WARN__DUPLICATE_METHOD_MATCH = YES;
				"CODE_SIGN_IDENTITY[sdk=iphoneos*]" = "iPhone Developer";
				COPY_PHASE_STRIP = YES;
				ENABLE_NS_ASSERTIONS = NO;
				ENABLE_STRICT_OBJC_MSGSEND = YES;
				GCC_C_LANGUAGE_STANDARD = gnu99;
				GCC_WARN_64_TO_32_BIT_CONVERSION = YES;
				GCC_WARN_ABOUT_RETURN_TYPE = YES_ERROR;
				GCC_WARN_UNDECLARED_SELECTOR = YES;
				GCC_WARN_UNINITIALIZED_AUTOS = YES_AGGRESSIVE;
				GCC_WARN_UNUSED_FUNCTION = YES;
				GCC_WARN_UNUSED_VARIABLE = YES;
				IPHONEOS_DEPLOYMENT_TARGET = 8.1;
				MTL_ENABLE_DEBUG_INFO = NO;
				SDKROOT = iphoneos;
				VALIDATE_PRODUCT = YES;
			};
			name = Release;
		};
		B2EF9B7A1A35BCDC009D68C0 /* Debug */ = {
			isa = XCBuildConfiguration;
			buildSettings = {
				ASSETCATALOG_COMPILER_APPICON_NAME = AppIcon;
				INFOPLIST_FILE = HW_Table/Info.plist;
				LD_RUNPATH_SEARCH_PATHS = "$(inherited) @executable_path/Frameworks";
				PRODUCT_NAME = "$(TARGET_NAME)";
			};
			name = Debug;
		};
		B2EF9B7B1A35BCDC009D68C0 /* Release */ = {
			isa = XCBuildConfiguration;
			buildSettings = {
				ASSETCATALOG_COMPILER_APPICON_NAME = AppIcon;
				INFOPLIST_FILE = HW_Table/Info.plist;
				LD_RUNPATH_SEARCH_PATHS = "$(inherited) @executable_path/Frameworks";
				PRODUCT_NAME = "$(TARGET_NAME)";
			};
			name = Release;
		};
		B2EF9B7D1A35BCDC009D68C0 /* Debug */ = {
			isa = XCBuildConfiguration;
			buildSettings = {
				BUNDLE_LOADER = "$(TEST_HOST)";
				FRAMEWORK_SEARCH_PATHS = (
					"$(SDKROOT)/Developer/Library/Frameworks",
					"$(inherited)",
				);
				GCC_PREPROCESSOR_DEFINITIONS = (
					"DEBUG=1",
					"$(inherited)",
				);
				INFOPLIST_FILE = HW_TableTests/Info.plist;
				LD_RUNPATH_SEARCH_PATHS = "$(inherited) @executable_path/Frameworks @loader_path/Frameworks";
				PRODUCT_NAME = "$(TARGET_NAME)";
				TEST_HOST = "$(BUILT_PRODUCTS_DIR)/HW_Table.app/HW_Table";
			};
			name = Debug;
		};
		B2EF9B7E1A35BCDC009D68C0 /* Release */ = {
			isa = XCBuildConfiguration;
			buildSettings = {
				BUNDLE_LOADER = "$(TEST_HOST)";
				FRAMEWORK_SEARCH_PATHS = (
					"$(SDKROOT)/Developer/Library/Frameworks",
					"$(inherited)",
				);
				INFOPLIST_FILE = HW_TableTests/Info.plist;
				LD_RUNPATH_SEARCH_PATHS = "$(inherited) @executable_path/Frameworks @loader_path/Frameworks";
				PRODUCT_NAME = "$(TARGET_NAME)";
				TEST_HOST = "$(BUILT_PRODUCTS_DIR)/HW_Table.app/HW_Table";
			};
			name = Release;
		};
/* End XCBuildConfiguration section */

/* Begin XCConfigurationList section */
		B2EF9B4E1A35BCDC009D68C0 /* Build configuration list for PBXProject "HW_Table" */ = {
			isa = XCConfigurationList;
			buildConfigurations = (
				B2EF9B771A35BCDC009D68C0 /* Debug */,
				B2EF9B781A35BCDC009D68C0 /* Release */,
			);
			defaultConfigurationIsVisible = 0;
			defaultConfigurationName = Release;
		};
		B2EF9B791A35BCDC009D68C0 /* Build configuration list for PBXNativeTarget "HW_Table" */ = {
			isa = XCConfigurationList;
			buildConfigurations = (
				B2EF9B7A1A35BCDC009D68C0 /* Debug */,
				B2EF9B7B1A35BCDC009D68C0 /* Release */,
			);
			defaultConfigurationIsVisible = 0;
		};
		B2EF9B7C1A35BCDC009D68C0 /* Build configuration list for PBXNativeTarget "HW_TableTests" */ = {
			isa = XCConfigurationList;
			buildConfigurations = (
				B2EF9B7D1A35BCDC009D68C0 /* Debug */,
				B2EF9B7E1A35BCDC009D68C0 /* Release */,
			);
			defaultConfigurationIsVisible = 0;
		};
/* End XCConfigurationList section */
	};
	rootObject = B2EF9B4B1A35BCDC009D68C0 /* Project object */;
}
